// !$*UTF8*$!
{
	archiveVersion = 1;
	classes = {
	};
	objectVersion = 46;
	objects = {

/* Begin PBXBuildFile section */
		9E65A6FC1E3EA50A00ABABDF /* HeroDetailViewController.m in Sources */ = {isa = PBXBuildFile; fileRef = 9E65A6FB1E3EA50A00ABABDF /* HeroDetailViewController.m */; };
		9E85668C1E3F6962000CE922 /* HeroWebInfoViewController.m in Sources */ = {isa = PBXBuildFile; fileRef = 9E85668B1E3F6962000CE922 /* HeroWebInfoViewController.m */; };
		9E90182E1E3E6E2E00EEE10D /* main.m in Sources */ = {isa = PBXBuildFile; fileRef = 9E90182D1E3E6E2E00EEE10D /* main.m */; };
		9E9018311E3E6E2E00EEE10D /* AppDelegate.m in Sources */ = {isa = PBXBuildFile; fileRef = 9E9018301E3E6E2E00EEE10D /* AppDelegate.m */; };
		9E9018391E3E6E2E00EEE10D /* Assets.xcassets in Resources */ = {isa = PBXBuildFile; fileRef = 9E9018381E3E6E2E00EEE10D /* Assets.xcassets */; };
		9E90183C1E3E6E2E00EEE10D /* LaunchScreen.storyboard in Resources */ = {isa = PBXBuildFile; fileRef = 9E90183A1E3E6E2E00EEE10D /* LaunchScreen.storyboard */; };
		9E9018451E3E6E7300EEE10D /* APIClient.m in Sources */ = {isa = PBXBuildFile; fileRef = 9E9018441E3E6E7300EEE10D /* APIClient.m */; };
		9E9018481E3E6EC300EEE10D /* HeroCollectionViewCell.m in Sources */ = {isa = PBXBuildFile; fileRef = 9E9018471E3E6EC300EEE10D /* HeroCollectionViewCell.m */; };
		9E90184B1E3E6F3B00EEE10D /* HeroesCollectionViewController.m in Sources */ = {isa = PBXBuildFile; fileRef = 9E90184A1E3E6F3B00EEE10D /* HeroesCollectionViewController.m */; };
		9E90184E1E3E6F8400EEE10D /* HeroModel.m in Sources */ = {isa = PBXBuildFile; fileRef = 9E90184D1E3E6F8400EEE10D /* HeroModel.m */; };
		9E9018511E3E6FE600EEE10D /* ImageGetter.m in Sources */ = {isa = PBXBuildFile; fileRef = 9E9018501E3E6FE600EEE10D /* ImageGetter.m */; };
		9E9018541E3E702A00EEE10D /* MarvelHeroClient.m in Sources */ = {isa = PBXBuildFile; fileRef = 9E9018531E3E702A00EEE10D /* MarvelHeroClient.m */; };
		9E9018561E3E70A400EEE10D /* Main.storyboard in Resources */ = {isa = PBXBuildFile; fileRef = 9E9018551E3E70A400EEE10D /* Main.storyboard */; };
		9E9018581E3E7F9100EEE10D /* QuartzCore.framework in Frameworks */ = {isa = PBXBuildFile; fileRef = 9E9018571E3E7F9100EEE10D /* QuartzCore.framework */; };
		E7CFF2BCE1A6F44550A1FE9E /* libPods-Heroes.a in Frameworks */ = {isa = PBXBuildFile; fileRef = 45726C3989889E4D59570548 /* libPods-Heroes.a */; };
/* End PBXBuildFile section */

/* Begin PBXFileReference section */
		45726C3989889E4D59570548 /* libPods-Heroes.a */ = {isa = PBXFileReference; explicitFileType = archive.ar; includeInIndex = 0; path = "libPods-Heroes.a"; sourceTree = BUILT_PRODUCTS_DIR; };
		9E65A6FA1E3EA50A00ABABDF /* HeroDetailViewController.h */ = {isa = PBXFileReference; fileEncoding = 4; lastKnownFileType = sourcecode.c.h; path = HeroDetailViewController.h; sourceTree = "<group>"; };
		9E65A6FB1E3EA50A00ABABDF /* HeroDetailViewController.m */ = {isa = PBXFileReference; fileEncoding = 4; lastKnownFileType = sourcecode.c.objc; path = HeroDetailViewController.m; sourceTree = "<group>"; };
		9E85668A1E3F6962000CE922 /* HeroWebInfoViewController.h */ = {isa = PBXFileReference; fileEncoding = 4; lastKnownFileType = sourcecode.c.h; path = HeroWebInfoViewController.h; sourceTree = "<group>"; };
		9E85668B1E3F6962000CE922 /* HeroWebInfoViewController.m */ = {isa = PBXFileReference; fileEncoding = 4; lastKnownFileType = sourcecode.c.objc; path = HeroWebInfoViewController.m; sourceTree = "<group>"; };
		9E9018291E3E6E2E00EEE10D /* Heroes.app */ = {isa = PBXFileReference; explicitFileType = wrapper.application; includeInIndex = 0; path = Heroes.app; sourceTree = BUILT_PRODUCTS_DIR; };
		9E90182D1E3E6E2E00EEE10D /* main.m */ = {isa = PBXFileReference; lastKnownFileType = sourcecode.c.objc; path = main.m; sourceTree = "<group>"; };
		9E90182F1E3E6E2E00EEE10D /* AppDelegate.h */ = {isa = PBXFileReference; lastKnownFileType = sourcecode.c.h; path = AppDelegate.h; sourceTree = "<group>"; };
		9E9018301E3E6E2E00EEE10D /* AppDelegate.m */ = {isa = PBXFileReference; lastKnownFileType = sourcecode.c.objc; path = AppDelegate.m; sourceTree = "<group>"; };
		9E9018381E3E6E2E00EEE10D /* Assets.xcassets */ = {isa = PBXFileReference; lastKnownFileType = folder.assetcatalog; path = Assets.xcassets; sourceTree = "<group>"; };
		9E90183B1E3E6E2E00EEE10D /* Base */ = {isa = PBXFileReference; lastKnownFileType = file.storyboard; name = Base; path = Base.lproj/LaunchScreen.storyboard; sourceTree = "<group>"; };
		9E90183D1E3E6E2E00EEE10D /* Info.plist */ = {isa = PBXFileReference; lastKnownFileType = text.plist.xml; path = Info.plist; sourceTree = "<group>"; };
		9E9018431E3E6E7300EEE10D /* APIClient.h */ = {isa = PBXFileReference; fileEncoding = 4; lastKnownFileType = sourcecode.c.h; path = APIClient.h; sourceTree = "<group>"; };
		9E9018441E3E6E7300EEE10D /* APIClient.m */ = {isa = PBXFileReference; fileEncoding = 4; lastKnownFileType = sourcecode.c.objc; path = APIClient.m; sourceTree = "<group>"; };
		9E9018461E3E6EC300EEE10D /* HeroCollectionViewCell.h */ = {isa = PBXFileReference; fileEncoding = 4; lastKnownFileType = sourcecode.c.h; path = HeroCollectionViewCell.h; sourceTree = "<group>"; };
		9E9018471E3E6EC300EEE10D /* HeroCollectionViewCell.m */ = {isa = PBXFileReference; fileEncoding = 4; lastKnownFileType = sourcecode.c.objc; path = HeroCollectionViewCell.m; sourceTree = "<group>"; };
		9E9018491E3E6F3B00EEE10D /* HeroesCollectionViewController.h */ = {isa = PBXFileReference; fileEncoding = 4; lastKnownFileType = sourcecode.c.h; path = HeroesCollectionViewController.h; sourceTree = "<group>"; };
		9E90184A1E3E6F3B00EEE10D /* HeroesCollectionViewController.m */ = {isa = PBXFileReference; fileEncoding = 4; lastKnownFileType = sourcecode.c.objc; path = HeroesCollectionViewController.m; sourceTree = "<group>"; };
		9E90184C1E3E6F8400EEE10D /* HeroModel.h */ = {isa = PBXFileReference; fileEncoding = 4; lastKnownFileType = sourcecode.c.h; path = HeroModel.h; sourceTree = "<group>"; };
		9E90184D1E3E6F8400EEE10D /* HeroModel.m */ = {isa = PBXFileReference; fileEncoding = 4; lastKnownFileType = sourcecode.c.objc; path = HeroModel.m; sourceTree = "<group>"; };
		9E90184F1E3E6FE600EEE10D /* ImageGetter.h */ = {isa = PBXFileReference; fileEncoding = 4; lastKnownFileType = sourcecode.c.h; path = ImageGetter.h; sourceTree = "<group>"; };
		9E9018501E3E6FE600EEE10D /* ImageGetter.m */ = {isa = PBXFileReference; fileEncoding = 4; lastKnownFileType = sourcecode.c.objc; path = ImageGetter.m; sourceTree = "<group>"; };
		9E9018521E3E702A00EEE10D /* MarvelHeroClient.h */ = {isa = PBXFileReference; fileEncoding = 4; lastKnownFileType = sourcecode.c.h; path = MarvelHeroClient.h; sourceTree = "<group>"; };
		9E9018531E3E702A00EEE10D /* MarvelHeroClient.m */ = {isa = PBXFileReference; fileEncoding = 4; lastKnownFileType = sourcecode.c.objc; path = MarvelHeroClient.m; sourceTree = "<group>"; };
		9E9018551E3E70A400EEE10D /* Main.storyboard */ = {isa = PBXFileReference; fileEncoding = 4; lastKnownFileType = file.storyboard; path = Main.storyboard; sourceTree = "<group>"; };
		9E9018571E3E7F9100EEE10D /* QuartzCore.framework */ = {isa = PBXFileReference; lastKnownFileType = wrapper.framework; name = QuartzCore.framework; path = System/Library/Frameworks/QuartzCore.framework; sourceTree = SDKROOT; };
		D03C5F23879F3CCC95EEBAAB /* Pods-Heroes.release.xcconfig */ = {isa = PBXFileReference; includeInIndex = 1; lastKnownFileType = text.xcconfig; name = "Pods-Heroes.release.xcconfig"; path = "Pods/Target Support Files/Pods-Heroes/Pods-Heroes.release.xcconfig"; sourceTree = "<group>"; };
		D51616C7D7F1364B8FF116DA /* Pods-Heroes.debug.xcconfig */ = {isa = PBXFileReference; includeInIndex = 1; lastKnownFileType = text.xcconfig; name = "Pods-Heroes.debug.xcconfig"; path = "Pods/Target Support Files/Pods-Heroes/Pods-Heroes.debug.xcconfig"; sourceTree = "<group>"; };
/* End PBXFileReference section */

/* Begin PBXFrameworksBuildPhase section */
		9E9018261E3E6E2E00EEE10D /* Frameworks */ = {
			isa = PBXFrameworksBuildPhase;
			buildActionMask = 2147483647;
			files = (
				9E9018581E3E7F9100EEE10D /* QuartzCore.framework in Frameworks */,
				E7CFF2BCE1A6F44550A1FE9E /* libPods-Heroes.a in Frameworks */,
			);
			runOnlyForDeploymentPostprocessing = 0;
		};
/* End PBXFrameworksBuildPhase section */

/* Begin PBXGroup section */
		47B7016F6BB71B81E49C3D40 /* Pods */ = {
			isa = PBXGroup;
			children = (
				D51616C7D7F1364B8FF116DA /* Pods-Heroes.debug.xcconfig */,
				D03C5F23879F3CCC95EEBAAB /* Pods-Heroes.release.xcconfig */,
			);
			name = Pods;
			sourceTree = "<group>";
		};
		976F45BB1C50A3A6B49B77C5 /* Frameworks */ = {
			isa = PBXGroup;
			children = (
				9E9018571E3E7F9100EEE10D /* QuartzCore.framework */,
				45726C3989889E4D59570548 /* libPods-Heroes.a */,
			);
			name = Frameworks;
			sourceTree = "<group>";
		};
		9E9018201E3E6E2E00EEE10D = {
			isa = PBXGroup;
			children = (
				9E90182B1E3E6E2E00EEE10D /* Heroes */,
				9E90182A1E3E6E2E00EEE10D /* Products */,
				47B7016F6BB71B81E49C3D40 /* Pods */,
				976F45BB1C50A3A6B49B77C5 /* Frameworks */,
			);
			sourceTree = "<group>";
		};
		9E90182A1E3E6E2E00EEE10D /* Products */ = {
			isa = PBXGroup;
			children = (
				9E9018291E3E6E2E00EEE10D /* Heroes.app */,
			);
			name = Products;
			sourceTree = "<group>";
		};
		9E90182B1E3E6E2E00EEE10D /* Heroes */ = {
			isa = PBXGroup;
			children = (
				9E90182F1E3E6E2E00EEE10D /* AppDelegate.h */,
				9E9018301E3E6E2E00EEE10D /* AppDelegate.m */,
				9E9018551E3E70A400EEE10D /* Main.storyboard */,
				9E9018381E3E6E2E00EEE10D /* Assets.xcassets */,
				9E90183A1E3E6E2E00EEE10D /* LaunchScreen.storyboard */,
				9E90183D1E3E6E2E00EEE10D /* Info.plist */,
				9E90182C1E3E6E2E00EEE10D /* Supporting Files */,
				9E9018431E3E6E7300EEE10D /* APIClient.h */,
				9E9018441E3E6E7300EEE10D /* APIClient.m */,
				9E9018461E3E6EC300EEE10D /* HeroCollectionViewCell.h */,
				9E9018471E3E6EC300EEE10D /* HeroCollectionViewCell.m */,
				9E9018491E3E6F3B00EEE10D /* HeroesCollectionViewController.h */,
				9E90184A1E3E6F3B00EEE10D /* HeroesCollectionViewController.m */,
				9E90184C1E3E6F8400EEE10D /* HeroModel.h */,
				9E90184D1E3E6F8400EEE10D /* HeroModel.m */,
				9E90184F1E3E6FE600EEE10D /* ImageGetter.h */,
				9E9018501E3E6FE600EEE10D /* ImageGetter.m */,
				9E9018521E3E702A00EEE10D /* MarvelHeroClient.h */,
				9E9018531E3E702A00EEE10D /* MarvelHeroClient.m */,
				9E65A6FA1E3EA50A00ABABDF /* HeroDetailViewController.h */,
				9E65A6FB1E3EA50A00ABABDF /* HeroDetailViewController.m */,
				9E85668A1E3F6962000CE922 /* HeroWebInfoViewController.h */,
				9E85668B1E3F6962000CE922 /* HeroWebInfoViewController.m */,
			);
			path = Heroes;
			sourceTree = "<group>";
		};
		9E90182C1E3E6E2E00EEE10D /* Supporting Files */ = {
			isa = PBXGroup;
			children = (
				9E90182D1E3E6E2E00EEE10D /* main.m */,
			);
			name = "Supporting Files";
			sourceTree = "<group>";
		};
/* End PBXGroup section */

/* Begin PBXNativeTarget section */
		9E9018281E3E6E2E00EEE10D /* Heroes */ = {
			isa = PBXNativeTarget;
			buildConfigurationList = 9E9018401E3E6E2E00EEE10D /* Build configuration list for PBXNativeTarget "Heroes" */;
			buildPhases = (
				15793D06BBC2F290A04744A8 /* 📦 Check Pods Manifest.lock */,
				9E9018251E3E6E2E00EEE10D /* Sources */,
				9E9018261E3E6E2E00EEE10D /* Frameworks */,
				9E9018271E3E6E2E00EEE10D /* Resources */,
				DF41A6B9769E910A8D445F0A /* 📦 Embed Pods Frameworks */,
				766AF532321D90CF72CA4EF3 /* 📦 Copy Pods Resources */,
			);
			buildRules = (
			);
			dependencies = (
			);
			name = Heroes;
			productName = Heroes;
			productReference = 9E9018291E3E6E2E00EEE10D /* Heroes.app */;
			productType = "com.apple.product-type.application";
		};
/* End PBXNativeTarget section */

/* Begin PBXProject section */
		9E9018211E3E6E2E00EEE10D /* Project object */ = {
			isa = PBXProject;
			attributes = {
				LastUpgradeCheck = 0820;
				ORGANIZATIONNAME = JoLingenfelter;
				TargetAttributes = {
					9E9018281E3E6E2E00EEE10D = {
						CreatedOnToolsVersion = 8.2.1;
						DevelopmentTeam = 2K6RX929EU;
						ProvisioningStyle = Automatic;
						SystemCapabilities = {
							com.apple.BackgroundModes = {
								enabled = 0;
							};
						};
					};
				};
			};
			buildConfigurationList = 9E9018241E3E6E2E00EEE10D /* Build configuration list for PBXProject "Heroes" */;
			compatibilityVersion = "Xcode 3.2";
			developmentRegion = English;
			hasScannedForEncodings = 0;
			knownRegions = (
				en,
				Base,
			);
			mainGroup = 9E9018201E3E6E2E00EEE10D;
			productRefGroup = 9E90182A1E3E6E2E00EEE10D /* Products */;
			projectDirPath = "";
			projectRoot = "";
			targets = (
				9E9018281E3E6E2E00EEE10D /* Heroes */,
			);
		};
/* End PBXProject section */

/* Begin PBXResourcesBuildPhase section */
		9E9018271E3E6E2E00EEE10D /* Resources */ = {
			isa = PBXResourcesBuildPhase;
			buildActionMask = 2147483647;
			files = (
				9E90183C1E3E6E2E00EEE10D /* LaunchScreen.storyboard in Resources */,
				9E9018391E3E6E2E00EEE10D /* Assets.xcassets in Resources */,
				9E9018561E3E70A400EEE10D /* Main.storyboard in Resources */,
			);
			runOnlyForDeploymentPostprocessing = 0;
		};
/* End PBXResourcesBuildPhase section */

/* Begin PBXShellScriptBuildPhase section */
		15793D06BBC2F290A04744A8 /* 📦 Check Pods Manifest.lock */ = {
			isa = PBXShellScriptBuildPhase;
			buildActionMask = 2147483647;
			files = (
			);
			inputPaths = (
			);
			name = "📦 Check Pods Manifest.lock";
			outputPaths = (
			);
			runOnlyForDeploymentPostprocessing = 0;
			shellPath = /bin/sh;
			shellScript = "diff \"${PODS_ROOT}/../Podfile.lock\" \"${PODS_ROOT}/Manifest.lock\" > /dev/null\nif [[ $? != 0 ]] ; then\n    cat << EOM\nerror: The sandbox is not in sync with the Podfile.lock. Run 'pod install' or update your CocoaPods installation.\nEOM\n    exit 1\nfi\n";
			showEnvVarsInLog = 0;
		};
		766AF532321D90CF72CA4EF3 /* 📦 Copy Pods Resources */ = {
			isa = PBXShellScriptBuildPhase;
			buildActionMask = 2147483647;
			files = (
			);
			inputPaths = (
			);
			name = "📦 Copy Pods Resources";
			outputPaths = (
			);
			runOnlyForDeploymentPostprocessing = 0;
			shellPath = /bin/sh;
			shellScript = "\"${SRCROOT}/Pods/Target Support Files/Pods-Heroes/Pods-Heroes-resources.sh\"\n";
			showEnvVarsInLog = 0;
		};
		DF41A6B9769E910A8D445F0A /* 📦 Embed Pods Frameworks */ = {
			isa = PBXShellScriptBuildPhase;
			buildActionMask = 2147483647;
			files = (
			);
			inputPaths = (
			);
			name = "📦 Embed Pods Frameworks";
			outputPaths = (
			);
			runOnlyForDeploymentPostprocessing = 0;
			shellPath = /bin/sh;
			shellScript = "\"${SRCROOT}/Pods/Target Support Files/Pods-Heroes/Pods-Heroes-frameworks.sh\"\n";
			showEnvVarsInLog = 0;
		};
/* End PBXShellScriptBuildPhase section */

/* Begin PBXSourcesBuildPhase section */
		9E9018251E3E6E2E00EEE10D /* Sources */ = {
			isa = PBXSourcesBuildPhase;
			buildActionMask = 2147483647;
			files = (
				9E65A6FC1E3EA50A00ABABDF /* HeroDetailViewController.m in Sources */,
				9E90184B1E3E6F3B00EEE10D /* HeroesCollectionViewController.m in Sources */,
				9E9018541E3E702A00EEE10D /* MarvelHeroClient.m in Sources */,
				9E9018511E3E6FE600EEE10D /* ImageGetter.m in Sources */,
				9E9018481E3E6EC300EEE10D /* HeroCollectionViewCell.m in Sources */,
				9E9018311E3E6E2E00EEE10D /* AppDelegate.m in Sources */,
				9E90184E1E3E6F8400EEE10D /* HeroModel.m in Sources */,
				9E9018451E3E6E7300EEE10D /* APIClient.m in Sources */,
				9E90182E1E3E6E2E00EEE10D /* main.m in Sources */,
				9E85668C1E3F6962000CE922 /* HeroWebInfoViewController.m in Sources */,
			);
			runOnlyForDeploymentPostprocessing = 0;
		};
/* End PBXSourcesBuildPhase section */

/* Begin PBXVariantGroup section */
		9E90183A1E3E6E2E00EEE10D /* LaunchScreen.storyboard */ = {
			isa = PBXVariantGroup;
			children = (
				9E90183B1E3E6E2E00EEE10D /* Base */,
			);
			name = LaunchScreen.storyboard;
			sourceTree = "<group>";
		};
/* End PBXVariantGroup section */

/* Begin XCBuildConfiguration section */
		9E90183E1E3E6E2E00EEE10D /* Debug */ = {
			isa = XCBuildConfiguration;
			buildSettings = {
				ALWAYS_SEARCH_USER_PATHS = NO;
				CLANG_ANALYZER_NONNULL = YES;
				CLANG_CXX_LANGUAGE_STANDARD = "gnu++0x";
				CLANG_CXX_LIBRARY = "libc++";
				CLANG_ENABLE_MODULES = YES;
				CLANG_ENABLE_OBJC_ARC = YES;
				CLANG_WARN_BOOL_CONVERSION = YES;
				CLANG_WARN_CONSTANT_CONVERSION = YES;
				CLANG_WARN_DIRECT_OBJC_ISA_USAGE = YES_ERROR;
				CLANG_WARN_DOCUMENTATION_COMMENTS = YES;
				CLANG_WARN_EMPTY_BODY = YES;
				CLANG_WARN_ENUM_CONVERSION = YES;
				CLANG_WARN_INFINITE_RECURSION = YES;
				CLANG_WARN_INT_CONVERSION = YES;
				CLANG_WARN_OBJC_ROOT_CLASS = YES_ERROR;
				CLANG_WARN_SUSPICIOUS_MOVE = YES;
				CLANG_WARN_UNREACHABLE_CODE = YES;
				CLANG_WARN__DUPLICATE_METHOD_MATCH = YES;
				"CODE_SIGN_IDENTITY[sdk=iphoneos*]" = "iPhone Developer";
				COPY_PHASE_STRIP = NO;
				DEBUG_INFORMATION_FORMAT = dwarf;
				ENABLE_STRICT_OBJC_MSGSEND = YES;
				ENABLE_TESTABILITY = YES;
				GCC_C_LANGUAGE_STANDARD = gnu99;
				GCC_DYNAMIC_NO_PIC = NO;
				GCC_NO_COMMON_BLOCKS = YES;
				GCC_OPTIMIZATION_LEVEL = 0;
				GCC_PREPROCESSOR_DEFINITIONS = (
					"DEBUG=1",
					"$(inherited)",
				);
				GCC_WARN_64_TO_32_BIT_CONVERSION = YES;
				GCC_WARN_ABOUT_RETURN_TYPE = YES_ERROR;
				GCC_WARN_UNDECLARED_SELECTOR = YES;
				GCC_WARN_UNINITIALIZED_AUTOS = YES_AGGRESSIVE;
				GCC_WARN_UNUSED_FUNCTION = YES;
				GCC_WARN_UNUSED_VARIABLE = YES;
				IPHONEOS_DEPLOYMENT_TARGET = 10.2;
				MTL_ENABLE_DEBUG_INFO = YES;
				ONLY_ACTIVE_ARCH = YES;
				SDKROOT = iphoneos;
			};
			name = Debug;
		};
		9E90183F1E3E6E2E00EEE10D /* Release */ = {
			isa = XCBuildConfiguration;
			buildSettings = {
				ALWAYS_SEARCH_USER_PATHS = NO;
				CLANG_ANALYZER_NONNULL = YES;
				CLANG_CXX_LANGUAGE_STANDARD = "gnu++0x";
				CLANG_CXX_LIBRARY = "libc++";
				CLANG_ENABLE_MODULES = YES;
				CLANG_ENABLE_OBJC_ARC = YES;
				CLANG_WARN_BOOL_CONVERSION = YES;
				CLANG_WARN_CONSTANT_CONVERSION = YES;
				CLANG_WARN_DIRECT_OBJC_ISA_USAGE = YES_ERROR;
				CLANG_WARN_DOCUMENTATION_COMMENTS = YES;
				CLANG_WARN_EMPTY_BODY = YES;
				CLANG_WARN_ENUM_CONVERSION = YES;
				CLANG_WARN_INFINITE_RECURSION = YES;
				CLANG_WARN_INT_CONVERSION = YES;
				CLANG_WARN_OBJC_ROOT_CLASS = YES_ERROR;
				CLANG_WARN_SUSPICIOUS_MOVE = YES;
				CLANG_WARN_UNREACHABLE_CODE = YES;
				CLANG_WARN__DUPLICATE_METHOD_MATCH = YES;
				"CODE_SIGN_IDENTITY[sdk=iphoneos*]" = "iPhone Developer";
				COPY_PHASE_STRIP = NO;
				DEBUG_INFORMATION_FORMAT = "dwarf-with-dsym";
				ENABLE_NS_ASSERTIONS = NO;
				ENABLE_STRICT_OBJC_MSGSEND = YES;
				GCC_C_LANGUAGE_STANDARD = gnu99;
				GCC_NO_COMMON_BLOCKS = YES;
				GCC_WARN_64_TO_32_BIT_CONVERSION = YES;
				GCC_WARN_ABOUT_RETURN_TYPE = YES_ERROR;
				GCC_WARN_UNDECLARED_SELECTOR = YES;
				GCC_WARN_UNINITIALIZED_AUTOS = YES_AGGRESSIVE;
				GCC_WARN_UNUSED_FUNCTION = YES;
				GCC_WARN_UNUSED_VARIABLE = YES;
				IPHONEOS_DEPLOYMENT_TARGET = 10.2;
				MTL_ENABLE_DEBUG_INFO = NO;
				SDKROOT = iphoneos;
				VALIDATE_PRODUCT = YES;
			};
			name = Release;
		};
		9E9018411E3E6E2E00EEE10D /* Debug */ = {
			isa = XCBuildConfiguration;
			baseConfigurationReference = D51616C7D7F1364B8FF116DA /* Pods-Heroes.debug.xcconfig */;
			buildSettings = {
				ASSETCATALOG_COMPILER_APPICON_NAME = AppIcon;
				DEVELOPMENT_TEAM = 2K6RX929EU;
				INFOPLIST_FILE = Heroes/Info.plist;
				LD_RUNPATH_SEARCH_PATHS = "$(inherited) @executable_path/Frameworks";
				PRODUCT_BUNDLE_IDENTIFIER = com.jolingenfelter.Heroes;
				PRODUCT_NAME = "$(TARGET_NAME)";
			};
			name = Debug;
		};
		9E9018421E3E6E2E00EEE10D /* Release */ = {
			isa = XCBuildConfiguration;
			baseConfigurationReference = D03C5F23879F3CCC95EEBAAB /* Pods-Heroes.release.xcconfig */;
			buildSettings = {
				ASSETCATALOG_COMPILER_APPICON_NAME = AppIcon;
				DEVELOPMENT_TEAM = 2K6RX929EU;
				INFOPLIST_FILE = Heroes/Info.plist;
				LD_RUNPATH_SEARCH_PATHS = "$(inherited) @executable_path/Frameworks";
				PRODUCT_BUNDLE_IDENTIFIER = com.jolingenfelter.Heroes;
				PRODUCT_NAME = "$(TARGET_NAME)";
			};
			name = Release;
		};
/* End XCBuildConfiguration section */

/* Begin XCConfigurationList section */
		9E9018241E3E6E2E00EEE10D /* Build configuration list for PBXProject "Heroes" */ = {
			isa = XCConfigurationList;
			buildConfigurations = (
				9E90183E1E3E6E2E00EEE10D /* Debug */,
				9E90183F1E3E6E2E00EEE10D /* Release */,
			);
			defaultConfigurationIsVisible = 0;
			defaultConfigurationName = Release;
		};
		9E9018401E3E6E2E00EEE10D /* Build configuration list for PBXNativeTarget "Heroes" */ = {
			isa = XCConfigurationList;
			buildConfigurations = (
				9E9018411E3E6E2E00EEE10D /* Debug */,
				9E9018421E3E6E2E00EEE10D /* Release */,
			);
			defaultConfigurationIsVisible = 0;
			defaultConfigurationName = Release;
		};
/* End XCConfigurationList section */
	};
	rootObject = 9E9018211E3E6E2E00EEE10D /* Project object */;
}
